
Microsoft Visual Studio Solution File, Format Version 11.00
# Visual Studio 2010
Project("{FAE04EC0-301F-11D3-BF4B-00C04F79EFBC}") = "ApiTraz", "ApiTraz\ApiTraz.csproj", "{92A37838-F64E-4C1F-B4EE-76587A26B1E3}"
EndProject
Project("{2150E333-8FDC-42A3-9474-1A3956D46DE8}") = ".nuget", ".nuget", "{C322C281-AF88-4DB6-803A-4F48AABDE940}"
	ProjectSection(SolutionItems) = preProject
		.nuget\NuGet.Config = .nuget\NuGet.Config
		.nuget\NuGet.exe = .nuget\NuGet.exe
		.nuget\NuGet.targets = .nuget\NuGet.targets
	EndProjectSection
EndProject
Global
	GlobalSection(SolutionConfigurationPlatforms) = preSolution
		Debug|Any CPU = Debug|Any CPU
		Release|Any CPU = Release|Any CPU
	EndGlobalSection
	GlobalSection(ProjectConfigurationPlatforms) = postSolution
		{92A37838-F64E-4C1F-B4EE-76587A26B1E3}.Debug|Any CPU.ActiveCfg = Debug|Any CPU
		{92A37838-F64E-4C1F-B4EE-76587A26B1E3}.Debug|Any CPU.Build.0 = Debug|Any CPU
		{92A37838-F64E-4C1F-B4EE-76587A26B1E3}.Release|Any CPU.ActiveCfg = Release|Any CPU
		{92A37838-F64E-4C1F-B4EE-76587A26B1E3}.Release|Any CPU.Build.0 = Release|Any CPU
	EndGlobalSection
	GlobalSection(SolutionProperties) = preSolution
		HideSolutionNode = FALSE
	EndGlobalSection
EndGlobal
